
Microsoft Visual Studio Solution File, Format Version 12.00
# Visual Studio 2013
VisualStudioVersion = 12.0.21005.1
MinimumVisualStudioVersion = 10.0.40219.1
Project("{8BC9CEB8-8B4A-11D0-8D11-00A0C91BC942}") = "ourt42", "ourt42\ourt42.vcxproj", "{FD181E0B-0510-4001-8761-C0B261D2C7CB}"
EndProject
Global
	GlobalSection(SolutionConfigurationPlatforms) = preSolution
		Debug|Win32 = Debug|Win32
		Release|Win32 = Release|Win32
	EndGlobalSection
	GlobalSection(ProjectConfigurationPlatforms) = postSolution
		{FD181E0B-0510-4001-8761-C0B261D2C7CB}.Debug|Win32.ActiveCfg = Debug|Win32
		{FD181E0B-0510-4001-8761-C0B261D2C7CB}.Debug|Win32.Build.0 = Debug|Win32
		{FD181E0B-0510-4001-8761-C0B261D2C7CB}.Release|Win32.ActiveCfg = Release|Win32
		{FD181E0B-0510-4001-8761-C0B261D2C7CB}.Release|Win32.Build.0 = Release|Win32
	EndGlobalSection
	GlobalSection(SolutionProperties) = preSolution
		HideSolutionNode = FALSE
	EndGlobalSection
EndGlobal
