<?xml version="1.0" encoding="utf-8"?>
<Project ToolsVersion="4.0" xmlns="http://schemas.microsoft.com/developer/msbuild/2003">
  <ItemGroup>
    <ClCompile Include="array.c">
      <Filter>Sources</Filter>
    </ClCompile>
    <ClCompile Include="ast.c">
      <Filter>Sources</Filter>
    </ClCompile>
    <ClCompile Include="emit.c">
      <Filter>Sources</Filter>
    </ClCompile>
    <ClCompile Include="hash.c">
      <Filter>Sources</Filter>
    </ClCompile>
    <ClCompile Include="lex.yy.c">
      <Filter>Sources</Filter>
    </ClCompile>
    <ClCompile Include="llist.c">
      <Filter>Sources</Filter>
    </ClCompile>
    <ClCompile Include="nameAnalysis.c">
      <Filter>Sources</Filter>
    </ClCompile>
    <ClCompile Include="printAST.c">
      <Filter>Sources</Filter>
    </ClCompile>
    <ClCompile Include="semanticAnalysis.c">
      <Filter>Sources</Filter>
    </ClCompile>
    <ClCompile Include="symtab.c">
      <Filter>Sources</Filter>
    </ClCompile>
    <ClCompile Include="trac42.y.c">
      <Filter>Sources</Filter>
    </ClCompile>
    <ClCompile Include="typeCheck.c">
      <Filter>Sources</Filter>
    </ClCompile>
    <ClCompile Include="utils.c">
      <Filter>Sources</Filter>
    </ClCompile>
  </ItemGroup>
  <ItemGroup>
    <ClInclude Include="array.h">
      <Filter>Headers</Filter>
    </ClInclude>
    <ClInclude Include="ast.h">
      <Filter>Headers</Filter>
    </ClInclude>
    <ClInclude Include="emit.h">
      <Filter>Headers</Filter>
    </ClInclude>
    <ClInclude Include="hash.h">
      <Filter>Headers</Filter>
    </ClInclude>
    <ClInclude Include="llist.h">
      <Filter>Headers</Filter>
    </ClInclude>
    <ClInclude Include="nameAnalysis.h">
      <Filter>Headers</Filter>
    </ClInclude>
    <ClInclude Include="printAST.h">
      <Filter>Headers</Filter>
    </ClInclude>
    <ClInclude Include="semanticAnalysis.h">
      <Filter>Headers</Filter>
    </ClInclude>
    <ClInclude Include="symtab.h">
      <Filter>Headers</Filter>
    </ClInclude>
    <ClInclude Include="trac42.h">
      <Filter>Headers</Filter>
    </ClInclude>
    <ClInclude Include="trac42.y.h">
      <Filter>Headers</Filter>
    </ClInclude>
    <ClInclude Include="typeCheck.h">
      <Filter>Headers</Filter>
    </ClInclude>
    <ClInclude Include="utils.h">
      <Filter>Headers</Filter>
    </ClInclude>
  </ItemGroup>
  <ItemGroup>
    <CustomBuild Include="trac42.l">
      <Filter>Sources</Filter>
    </CustomBuild>
    <CustomBuild Include="trac42.y">
      <Filter>Sources</Filter>
    </CustomBuild>
  </ItemGroup>
  <ItemGroup>
    <Filter Include="Headers">
      <UniqueIdentifier>{00aef93c-b844-48db-86f4-612325e1c32e}</UniqueIdentifier>
    </Filter>
    <Filter Include="Sources">
      <UniqueIdentifier>{74aca802-01df-48f4-b54d-4af8a235104e}</UniqueIdentifier>
    </Filter>
  </ItemGroup>
</Project>